{
  "name": "Proyecto",
  "version": "0.2.0",
  "lockfileVersion": 3,
  "requires": true,
  "packages": {
    "": {
      "version": "0.2.0",
      "dependencies": {
        "greet": "^1.0.0"
      }
    },
    "node_modules/greet": {
      "version": "1.0.0",
      "resolved": "https://registry.npmjs.org/greet/-/greet-1.0.0.tgz",
      "integrity": "sha512-qrIIGaXmL7Gh6vq940FxspTVJsvGEFTDqWAZ8AYLpIzo6F4hXojDR29FjhQDFAMEwLaNapxP2okgA7M0qR176g==",
      "license": "MIT"
    }
  }
}
